// !$*UTF8*$!
{
	archiveVersion = 1;
	classes = {
	};
	objectVersion = 48;
	objects = {

/* Begin PBXBuildFile section */
		7112F5D4205F48EE009DEB0F /* Notification.swift in Sources */ = {isa = PBXBuildFile; fileRef = 7112F5D3205F48EE009DEB0F /* Notification.swift */; };
		71AF7103205DFEF70008B6D3 /* AppDelegate.swift in Sources */ = {isa = PBXBuildFile; fileRef = 71AF7102205DFEF70008B6D3 /* AppDelegate.swift */; };
		71AF7108205DFEF70008B6D3 /* Main.storyboard in Resources */ = {isa = PBXBuildFile; fileRef = 71AF7106205DFEF70008B6D3 /* Main.storyboard */; };
		71AF710A205DFEF70008B6D3 /* Assets.xcassets in Resources */ = {isa = PBXBuildFile; fileRef = 71AF7109205DFEF70008B6D3 /* Assets.xcassets */; };
		71AF710D205DFEF70008B6D3 /* LaunchScreen.storyboard in Resources */ = {isa = PBXBuildFile; fileRef = 71AF710B205DFEF70008B6D3 /* LaunchScreen.storyboard */; };
		71AF711D205E283C0008B6D3 /* FirstViewController.swift in Sources */ = {isa = PBXBuildFile; fileRef = 71AF711C205E283C0008B6D3 /* FirstViewController.swift */; };
		71AF711F205E28590008B6D3 /* SecondeViewController.swift in Sources */ = {isa = PBXBuildFile; fileRef = 71AF711E205E28590008B6D3 /* SecondeViewController.swift */; };
/* End PBXBuildFile section */

/* Begin PBXFileReference section */
		7112F5D3205F48EE009DEB0F /* Notification.swift */ = {isa = PBXFileReference; lastKnownFileType = sourcecode.swift; path = Notification.swift; sourceTree = "<group>"; };
		71AF70FF205DFEF70008B6D3 /* howToNotifica.app */ = {isa = PBXFileReference; explicitFileType = wrapper.application; includeInIndex = 0; path = howToNotifica.app; sourceTree = BUILT_PRODUCTS_DIR; };
		71AF7102205DFEF70008B6D3 /* AppDelegate.swift */ = {isa = PBXFileReference; lastKnownFileType = sourcecode.swift; path = AppDelegate.swift; sourceTree = "<group>"; };
		71AF7107205DFEF70008B6D3 /* Base */ = {isa = PBXFileReference; lastKnownFileType = file.storyboard; name = Base; path = Base.lproj/Main.storyboard; sourceTree = "<group>"; };
		71AF7109205DFEF70008B6D3 /* Assets.xcassets */ = {isa = PBXFileReference; lastKnownFileType = folder.assetcatalog; path = Assets.xcassets; sourceTree = "<group>"; };
		71AF710C205DFEF70008B6D3 /* Base */ = {isa = PBXFileReference; lastKnownFileType = file.storyboard; name = Base; path = Base.lproj/LaunchScreen.storyboard; sourceTree = "<group>"; };
		71AF710E205DFEF70008B6D3 /* Info.plist */ = {isa = PBXFileReference; lastKnownFileType = text.plist.xml; path = Info.plist; sourceTree = "<group>"; };
		71AF711C205E283C0008B6D3 /* FirstViewController.swift */ = {isa = PBXFileReference; lastKnownFileType = sourcecode.swift; path = FirstViewController.swift; sourceTree = "<group>"; };
		71AF711E205E28590008B6D3 /* SecondeViewController.swift */ = {isa = PBXFileReference; lastKnownFileType = sourcecode.swift; path = SecondeViewController.swift; sourceTree = "<group>"; };
/* End PBXFileReference section */

/* Begin PBXFrameworksBuildPhase section */
		71AF70FC205DFEF70008B6D3 /* Frameworks */ = {
			isa = PBXFrameworksBuildPhase;
			buildActionMask = 2147483647;
			files = (
			);
			runOnlyForDeploymentPostprocessing = 0;
		};
/* End PBXFrameworksBuildPhase section */

/* Begin PBXGroup section */
		71AF70F6205DFEF70008B6D3 = {
			isa = PBXGroup;
			children = (
				71AF7101205DFEF70008B6D3 /* howToNotifica */,
				71AF7100205DFEF70008B6D3 /* Products */,
			);
			sourceTree = "<group>";
		};
		71AF7100205DFEF70008B6D3 /* Products */ = {
			isa = PBXGroup;
			children = (
				71AF70FF205DFEF70008B6D3 /* howToNotifica.app */,
			);
			name = Products;
			sourceTree = "<group>";
		};
		71AF7101205DFEF70008B6D3 /* howToNotifica */ = {
			isa = PBXGroup;
			children = (
				71AF711C205E283C0008B6D3 /* FirstViewController.swift */,
				71AF711E205E28590008B6D3 /* SecondeViewController.swift */,
				71AF7106205DFEF70008B6D3 /* Main.storyboard */,
				7112F5D3205F48EE009DEB0F /* Notification.swift */,
				71AF710E205DFEF70008B6D3 /* Info.plist */,
				71AF7115205E05E60008B6D3 /* SuppostFile */,
			);
			path = howToNotifica;
			sourceTree = "<group>";
		};
		71AF7115205E05E60008B6D3 /* SuppostFile */ = {
			isa = PBXGroup;
			children = (
				71AF7102205DFEF70008B6D3 /* AppDelegate.swift */,
				71AF7109205DFEF70008B6D3 /* Assets.xcassets */,
				71AF710B205DFEF70008B6D3 /* LaunchScreen.storyboard */,
			);
			path = SuppostFile;
			sourceTree = "<group>";
		};
/* End PBXGroup section */

/* Begin PBXNativeTarget section */
		71AF70FE205DFEF70008B6D3 /* howToNotifica */ = {
			isa = PBXNativeTarget;
			buildConfigurationList = 71AF7111205DFEF70008B6D3 /* Build configuration list for PBXNativeTarget "howToNotifica" */;
			buildPhases = (
				71AF70FB205DFEF70008B6D3 /* Sources */,
				71AF70FC205DFEF70008B6D3 /* Frameworks */,
				71AF70FD205DFEF70008B6D3 /* Resources */,
			);
			buildRules = (
			);
			dependencies = (
			);
			name = howToNotifica;
			productName = howToNotifica;
			productReference = 71AF70FF205DFEF70008B6D3 /* howToNotifica.app */;
			productType = "com.apple.product-type.application";
		};
/* End PBXNativeTarget section */

/* Begin PBXProject section */
		71AF70F7205DFEF70008B6D3 /* Project object */ = {
			isa = PBXProject;
			attributes = {
				LastSwiftUpdateCheck = 0920;
				LastUpgradeCheck = 0920;
				ORGANIZATIONNAME = "Đỗ Hoàng Vũ";
				TargetAttributes = {
					71AF70FE205DFEF70008B6D3 = {
						CreatedOnToolsVersion = 9.2;
						ProvisioningStyle = Automatic;
					};
				};
			};
			buildConfigurationList = 71AF70FA205DFEF70008B6D3 /* Build configuration list for PBXProject "howToNotifica" */;
			compatibilityVersion = "Xcode 8.0";
			developmentRegion = en;
			hasScannedForEncodings = 0;
			knownRegions = (
				en,
				Base,
			);
			mainGroup = 71AF70F6205DFEF70008B6D3;
			productRefGroup = 71AF7100205DFEF70008B6D3 /* Products */;
			projectDirPath = "";
			projectRoot = "";
			targets = (
				71AF70FE205DFEF70008B6D3 /* howToNotifica */,
			);
		};
/* End PBXProject section */

/* Begin PBXResourcesBuildPhase section */
		71AF70FD205DFEF70008B6D3 /* Resources */ = {
			isa = PBXResourcesBuildPhase;
			buildActionMask = 2147483647;
			files = (
				71AF710D205DFEF70008B6D3 /* LaunchScreen.storyboard in Resources */,
				71AF710A205DFEF70008B6D3 /* Assets.xcassets in Resources */,
				71AF7108205DFEF70008B6D3 /* Main.storyboard in Resources */,
			);
			runOnlyForDeploymentPostprocessing = 0;
		};
/* End PBXResourcesBuildPhase section */

/* Begin PBXSourcesBuildPhase section */
		71AF70FB205DFEF70008B6D3 /* Sources */ = {
			isa = PBXSourcesBuildPhase;
			buildActionMask = 2147483647;
			files = (
				7112F5D4205F48EE009DEB0F /* Notification.swift in Sources */,
				71AF711F205E28590008B6D3 /* SecondeViewController.swift in Sources */,
				71AF7103205DFEF70008B6D3 /* AppDelegate.swift in Sources */,
				71AF711D205E283C0008B6D3 /* FirstViewController.swift in Sources */,
			);
			runOnlyForDeploymentPostprocessing = 0;
		};
/* End PBXSourcesBuildPhase section */

/* Begin PBXVariantGroup section */
		71AF7106205DFEF70008B6D3 /* Main.storyboard */ = {
			isa = PBXVariantGroup;
			children = (
				71AF7107205DFEF70008B6D3 /* Base */,
			);
			name = Main.storyboard;
			sourceTree = "<group>";
		};
		71AF710B205DFEF70008B6D3 /* LaunchScreen.storyboard */ = {
			isa = PBXVariantGroup;
			children = (
				71AF710C205DFEF70008B6D3 /* Base */,
			);
			name = LaunchScreen.storyboard;
			sourceTree = "<group>";
		};
/* End PBXVariantGroup section */

/* Begin XCBuildConfiguration section */
		71AF710F205DFEF70008B6D3 /* Debug */ = {
			isa = XCBuildConfiguration;
			buildSettings = {
				ALWAYS_SEARCH_USER_PATHS = NO;
				CLANG_ANALYZER_NONNULL = YES;
				CLANG_ANALYZER_NUMBER_OBJECT_CONVERSION = YES_AGGRESSIVE;
				CLANG_CXX_LANGUAGE_STANDARD = "gnu++14";
				CLANG_CXX_LIBRARY = "libc++";
				CLANG_ENABLE_MODULES = YES;
				CLANG_ENABLE_OBJC_ARC = YES;
				CLANG_WARN_BLOCK_CAPTURE_AUTORELEASING = YES;
				CLANG_WARN_BOOL_CONVERSION = YES;
				CLANG_WARN_COMMA = YES;
				CLANG_WARN_CONSTANT_CONVERSION = YES;
				CLANG_WARN_DIRECT_OBJC_ISA_USAGE = YES_ERROR;
				CLANG_WARN_DOCUMENTATION_COMMENTS = YES;
				CLANG_WARN_EMPTY_BODY = YES;
				CLANG_WARN_ENUM_CONVERSION = YES;
				CLANG_WARN_INFINITE_RECURSION = YES;
				CLANG_WARN_INT_CONVERSION = YES;
				CLANG_WARN_NON_LITERAL_NULL_CONVERSION = YES;
				CLANG_WARN_OBJC_LITERAL_CONVERSION = YES;
				CLANG_WARN_OBJC_ROOT_CLASS = YES_ERROR;
				CLANG_WARN_RANGE_LOOP_ANALYSIS = YES;
				CLANG_WARN_STRICT_PROTOTYPES = YES;
				CLANG_WARN_SUSPICIOUS_MOVE = YES;
				CLANG_WARN_UNGUARDED_AVAILABILITY = YES_AGGRESSIVE;
				CLANG_WARN_UNREACHABLE_CODE = YES;
				CLANG_WARN__DUPLICATE_METHOD_MATCH = YES;
				CODE_SIGN_IDENTITY = "iPhone Developer";
				COPY_PHASE_STRIP = NO;
				DEBUG_INFORMATION_FORMAT = dwarf;
				ENABLE_STRICT_OBJC_MSGSEND = YES;
				ENABLE_TESTABILITY = YES;
				GCC_C_LANGUAGE_STANDARD = gnu11;
				GCC_DYNAMIC_NO_PIC = NO;
				GCC_NO_COMMON_BLOCKS = YES;
				GCC_OPTIMIZATION_LEVEL = 0;
				GCC_PREPROCESSOR_DEFINITIONS = (
					"DEBUG=1",
					"$(inherited)",
				);
				GCC_WARN_64_TO_32_BIT_CONVERSION = YES;
				GCC_WARN_ABOUT_RETURN_TYPE = YES_ERROR;
				GCC_WARN_UNDECLARED_SELECTOR = YES;
				GCC_WARN_UNINITIALIZED_AUTOS = YES_AGGRESSIVE;
				GCC_WARN_UNUSED_FUNCTION = YES;
				GCC_WARN_UNUSED_VARIABLE = YES;
				IPHONEOS_DEPLOYMENT_TARGET = 11.2;
				MTL_ENABLE_DEBUG_INFO = YES;
				ONLY_ACTIVE_ARCH = YES;
				SDKROOT = iphoneos;
				SWIFT_ACTIVE_COMPILATION_CONDITIONS = DEBUG;
				SWIFT_OPTIMIZATION_LEVEL = "-Onone";
			};
			name = Debug;
		};
		71AF7110205DFEF70008B6D3 /* Release */ = {
			isa = XCBuildConfiguration;
			buildSettings = {
				ALWAYS_SEARCH_USER_PATHS = NO;
				CLANG_ANALYZER_NONNULL = YES;
				CLANG_ANALYZER_NUMBER_OBJECT_CONVERSION = YES_AGGRESSIVE;
				CLANG_CXX_LANGUAGE_STANDARD = "gnu++14";
				CLANG_CXX_LIBRARY = "libc++";
				CLANG_ENABLE_MODULES = YES;
				CLANG_ENABLE_OBJC_ARC = YES;
				CLANG_WARN_BLOCK_CAPTURE_AUTORELEASING = YES;
				CLANG_WARN_BOOL_CONVERSION = YES;
				CLANG_WARN_COMMA = YES;
				CLANG_WARN_CONSTANT_CONVERSION = YES;
				CLANG_WARN_DIRECT_OBJC_ISA_USAGE = YES_ERROR;
				CLANG_WARN_DOCUMENTATION_COMMENTS = YES;
				CLANG_WARN_EMPTY_BODY = YES;
				CLANG_WARN_ENUM_CONVERSION = YES;
				CLANG_WARN_INFINITE_RECURSION = YES;
				CLANG_WARN_INT_CONVERSION = YES;
				CLANG_WARN_NON_LITERAL_NULL_CONVERSION = YES;
				CLANG_WARN_OBJC_LITERAL_CONVERSION = YES;
				CLANG_WARN_OBJC_ROOT_CLASS = YES_ERROR;
				CLANG_WARN_RANGE_LOOP_ANALYSIS = YES;
				CLANG_WARN_STRICT_PROTOTYPES = YES;
				CLANG_WARN_SUSPICIOUS_MOVE = YES;
				CLANG_WARN_UNGUARDED_AVAILABILITY = YES_AGGRESSIVE;
				CLANG_WARN_UNREACHABLE_CODE = YES;
				CLANG_WARN__DUPLICATE_METHOD_MATCH = YES;
				CODE_SIGN_IDENTITY = "iPhone Developer";
				COPY_PHASE_STRIP = NO;
				DEBUG_INFORMATION_FORMAT = "dwarf-with-dsym";
				ENABLE_NS_ASSERTIONS = NO;
				ENABLE_STRICT_OBJC_MSGSEND = YES;
				GCC_C_LANGUAGE_STANDARD = gnu11;
				GCC_NO_COMMON_BLOCKS = YES;
				GCC_WARN_64_TO_32_BIT_CONVERSION = YES;
				GCC_WARN_ABOUT_RETURN_TYPE = YES_ERROR;
				GCC_WARN_UNDECLARED_SELECTOR = YES;
				GCC_WARN_UNINITIALIZED_AUTOS = YES_AGGRESSIVE;
				GCC_WARN_UNUSED_FUNCTION = YES;
				GCC_WARN_UNUSED_VARIABLE = YES;
				IPHONEOS_DEPLOYMENT_TARGET = 11.2;
				MTL_ENABLE_DEBUG_INFO = NO;
				SDKROOT = iphoneos;
				SWIFT_OPTIMIZATION_LEVEL = "-Owholemodule";
				VALIDATE_PRODUCT = YES;
			};
			name = Release;
		};
		71AF7112205DFEF70008B6D3 /* Debug */ = {
			isa = XCBuildConfiguration;
			buildSettings = {
				ASSETCATALOG_COMPILER_APPICON_NAME = AppIcon;
				CODE_SIGN_STYLE = Automatic;
				INFOPLIST_FILE = howToNotifica/Info.plist;
				LD_RUNPATH_SEARCH_PATHS = "$(inherited) @executable_path/Frameworks";
				PRODUCT_BUNDLE_IDENTIFIER = a.howToNotifica;
				PRODUCT_NAME = "$(TARGET_NAME)";
				SWIFT_VERSION = 4.0;
				TARGETED_DEVICE_FAMILY = "1,2";
			};
			name = Debug;
		};
		71AF7113205DFEF70008B6D3 /* Release */ = {
			isa = XCBuildConfiguration;
			buildSettings = {
				ASSETCATALOG_COMPILER_APPICON_NAME = AppIcon;
				CODE_SIGN_STYLE = Automatic;
				INFOPLIST_FILE = howToNotifica/Info.plist;
				LD_RUNPATH_SEARCH_PATHS = "$(inherited) @executable_path/Frameworks";
				PRODUCT_BUNDLE_IDENTIFIER = a.howToNotifica;
				PRODUCT_NAME = "$(TARGET_NAME)";
				SWIFT_VERSION = 4.0;
				TARGETED_DEVICE_FAMILY = "1,2";
			};
			name = Release;
		};
/* End XCBuildConfiguration section */

/* Begin XCConfigurationList section */
		71AF70FA205DFEF70008B6D3 /* Build configuration list for PBXProject "howToNotifica" */ = {
			isa = XCConfigurationList;
			buildConfigurations = (
				71AF710F205DFEF70008B6D3 /* Debug */,
				71AF7110205DFEF70008B6D3 /* Release */,
			);
			defaultConfigurationIsVisible = 0;
			defaultConfigurationName = Release;
		};
		71AF7111205DFEF70008B6D3 /* Build configuration list for PBXNativeTarget "howToNotifica" */ = {
			isa = XCConfigurationList;
			buildConfigurations = (
				71AF7112205DFEF70008B6D3 /* Debug */,
				71AF7113205DFEF70008B6D3 /* Release */,
			);
			defaultConfigurationIsVisible = 0;
			defaultConfigurationName = Release;
		};
/* End XCConfigurationList section */
	};
	rootObject = 71AF70F7205DFEF70008B6D3 /* Project object */;
}
